
Microsoft Visual Studio Solution File, Format Version 12.00
# Visual Studio Version 17
VisualStudioVersion = 17.6.33723.286
MinimumVisualStudioVersion = 10.0.40219.1
Project("{FAE04EC0-301F-11D3-BF4B-00C04F79EFBC}") = "BuzzOff_Pre_Alpha", "BuzzOff_Pre_Alpha\BuzzOff_Pre_Alpha.csproj", "{AAA30457-0F3F-405A-AD16-A346B7E6A39B}"
EndProject
Global
	GlobalSection(SolutionConfigurationPlatforms) = preSolution
		Debug|Any CPU = Debug|Any CPU
		Release|Any CPU = Release|Any CPU
	EndGlobalSection
	GlobalSection(ProjectConfigurationPlatforms) = postSolution
		{AAA30457-0F3F-405A-AD16-A346B7E6A39B}.Debug|Any CPU.ActiveCfg = Debug|Any CPU
		{AAA30457-0F3F-405A-AD16-A346B7E6A39B}.Debug|Any CPU.Build.0 = Debug|Any CPU
		{AAA30457-0F3F-405A-AD16-A346B7E6A39B}.Release|Any CPU.ActiveCfg = Release|Any CPU
		{AAA30457-0F3F-405A-AD16-A346B7E6A39B}.Release|Any CPU.Build.0 = Release|Any CPU
	EndGlobalSection
	GlobalSection(SolutionProperties) = preSolution
		HideSolutionNode = FALSE
	EndGlobalSection
	GlobalSection(ExtensibilityGlobals) = postSolution
		SolutionGuid = {B4FF4933-F2CB-41F7-ADB0-B8422DE87993}
	EndGlobalSection
EndGlobal
